
Microsoft Visual Studio Solution File, Format Version 12.00
# Visual Studio Version 17
VisualStudioVersion = 17.13.35617.110 d17.13
MinimumVisualStudioVersion = 10.0.40219.1
Project("{8BC9CEB8-8B4A-11D0-8D11-00A0C91BC942}") = "CourseworkNewQT", "CourseworkNewQT\CourseworkNewQT.vcxproj", "{4C3FE4E6-5CDF-458C-80E0-CBA021F39C59}"
EndProject
Global
	GlobalSection(SolutionConfigurationPlatforms) = preSolution
		Debug|x64 = Debug|x64
		Release|x64 = Release|x64
	EndGlobalSection
	GlobalSection(ProjectConfigurationPlatforms) = postSolution
		{4C3FE4E6-5CDF-458C-80E0-CBA021F39C59}.Debug|x64.ActiveCfg = Debug|x64
		{4C3FE4E6-5CDF-458C-80E0-CBA021F39C59}.Debug|x64.Build.0 = Debug|x64
		{4C3FE4E6-5CDF-458C-80E0-CBA021F39C59}.Release|x64.ActiveCfg = Release|x64
		{4C3FE4E6-5CDF-458C-80E0-CBA021F39C59}.Release|x64.Build.0 = Release|x64
	EndGlobalSection
	GlobalSection(SolutionProperties) = preSolution
		HideSolutionNode = FALSE
	EndGlobalSection
	GlobalSection(ExtensibilityGlobals) = postSolution
		SolutionGuid = {525DD600-41BB-4DD7-B8D3-E338D2800BA5}
	EndGlobalSection
EndGlobal
